
Microsoft Visual Studio Solution File, Format Version 12.00
# Visual Studio Version 16
VisualStudioVersion = 16.0.31112.23
MinimumVisualStudioVersion = 10.0.40219.1
Project("{FAE04EC0-301F-11D3-BF4B-00C04F79EFBC}") = "Slasher", "Slasher\Slasher.csproj", "{6852A3F3-F3E5-46F2-9866-59EBBEC4FA2E}"
EndProject
Global
	GlobalSection(SolutionConfigurationPlatforms) = preSolution
		Debug|Any CPU = Debug|Any CPU
		Release|Any CPU = Release|Any CPU
	EndGlobalSection
	GlobalSection(ProjectConfigurationPlatforms) = postSolution
		{6852A3F3-F3E5-46F2-9866-59EBBEC4FA2E}.Debug|Any CPU.ActiveCfg = Debug|Any CPU
		{6852A3F3-F3E5-46F2-9866-59EBBEC4FA2E}.Debug|Any CPU.Build.0 = Debug|Any CPU
		{6852A3F3-F3E5-46F2-9866-59EBBEC4FA2E}.Release|Any CPU.ActiveCfg = Release|Any CPU
		{6852A3F3-F3E5-46F2-9866-59EBBEC4FA2E}.Release|Any CPU.Build.0 = Release|Any CPU
	EndGlobalSection
	GlobalSection(SolutionProperties) = preSolution
		HideSolutionNode = FALSE
	EndGlobalSection
	GlobalSection(ExtensibilityGlobals) = postSolution
		SolutionGuid = {AFDF072A-2C6A-44F5-A77B-99D76E925BE1}
	EndGlobalSection
EndGlobal
